
Microsoft Visual Studio Solution File, Format Version 12.00
# Visual Studio Version 16
VisualStudioVersion = 16.0.31605.320
MinimumVisualStudioVersion = 10.0.40219.1
Project("{FAE04EC0-301F-11D3-BF4B-00C04F79EFBC}") = "ProjetoIntegrador", "ProjetoIntegrador.csproj", "{565BBF8F-BD28-4E53-9ED3-498315758375}"
EndProject
Global
	GlobalSection(SolutionConfigurationPlatforms) = preSolution
		Debug|Any CPU = Debug|Any CPU
		Release|Any CPU = Release|Any CPU
	EndGlobalSection
	GlobalSection(ProjectConfigurationPlatforms) = postSolution
		{565BBF8F-BD28-4E53-9ED3-498315758375}.Debug|Any CPU.ActiveCfg = Debug|Any CPU
		{565BBF8F-BD28-4E53-9ED3-498315758375}.Debug|Any CPU.Build.0 = Debug|Any CPU
		{565BBF8F-BD28-4E53-9ED3-498315758375}.Release|Any CPU.ActiveCfg = Release|Any CPU
		{565BBF8F-BD28-4E53-9ED3-498315758375}.Release|Any CPU.Build.0 = Release|Any CPU
	EndGlobalSection
	GlobalSection(SolutionProperties) = preSolution
		HideSolutionNode = FALSE
	EndGlobalSection
	GlobalSection(ExtensibilityGlobals) = postSolution
		SolutionGuid = {9E2F1F6A-CE91-4103-9ED5-12245B3FA14B}
	EndGlobalSection
EndGlobal
